{
    "name": "thin",
    "version": "0.0.1",
    "lockfileVersion": 3,
    "requires": true,
    "packages": {
        "": {
            "name": "thin",
            "version": "0.0.1",
            "license": "GPL-3.0",
            "devDependencies": {
                "@types/node": "^18.14.0",
                "tsc": "^2.0.4"
            }
        },
        "node_modules/@types/node": {
            "version": "18.14.0",
            "resolved": "https://registry.npmjs.org/@types/node/-/node-18.14.0.tgz",
            "integrity": "sha512-5EWrvLmglK+imbCJY0+INViFWUHg1AHel1sq4ZVSfdcNqGy9Edv3UB9IIzzg+xPaUcAgZYcfVs2fBcwDeZzU0A==",
            "dev": true
        },
        "node_modules/tsc": {
            "version": "2.0.4",
            "resolved": "https://registry.npmjs.org/tsc/-/tsc-2.0.4.tgz",
            "integrity": "sha512-fzoSieZI5KKJVBYGvwbVZs/J5za84f2lSTLPYf6AGiIf43tZ3GNrI1QzTLcjtyDDP4aLxd46RTZq1nQxe7+k5Q==",
            "dev": true,
            "bin": {
                "tsc": "bin/tsc"
            }
        }
    }
}
